
Microsoft Visual Studio Solution File, Format Version 12.00
# Visual Studio Version 17
VisualStudioVersion = 17.9.34622.214
MinimumVisualStudioVersion = 10.0.40219.1
Project("{FAE04EC0-301F-11D3-BF4B-00C04F79EFBC}") = "MaterialSerial", "UartAssistPro\MaterialSerial.csproj", "{D2C6CCCC-D502-47C9-A7C0-430CC8169BEF}"
EndProject
Global
	GlobalSection(SolutionConfigurationPlatforms) = preSolution
		Debug|Any CPU = Debug|Any CPU
		Release|Any CPU = Release|Any CPU
	EndGlobalSection
	GlobalSection(ProjectConfigurationPlatforms) = postSolution
		{D2C6CCCC-D502-47C9-A7C0-430CC8169BEF}.Debug|Any CPU.ActiveCfg = Debug|Any CPU
		{D2C6CCCC-D502-47C9-A7C0-430CC8169BEF}.Debug|Any CPU.Build.0 = Debug|Any CPU
		{D2C6CCCC-D502-47C9-A7C0-430CC8169BEF}.Release|Any CPU.ActiveCfg = Release|Any CPU
		{D2C6CCCC-D502-47C9-A7C0-430CC8169BEF}.Release|Any CPU.Build.0 = Release|Any CPU
	EndGlobalSection
	GlobalSection(SolutionProperties) = preSolution
		HideSolutionNode = FALSE
	EndGlobalSection
	GlobalSection(ExtensibilityGlobals) = postSolution
		SolutionGuid = {66834658-A0C8-4CEE-973C-1A44B8BACB95}
	EndGlobalSection
EndGlobal
